// !$*UTF8*$!
{
	archiveVersion = 1;
	classes = {
	};
	objectVersion = 77;
	objects = {

/* Begin PBXBuildFile section */
		E01F5D2E2C9A8B6F004A2B1E /* TradeLeagueApp.swift in Sources */ = {isa = PBXBuildFile; fileRef = E01F5D2D2C9A8B6F004A2B1E /* TradeLeagueApp.swift */; };
		E01F5D302C9A8B6F004A2B1E /* ContentView.swift in Sources */ = {isa = PBXBuildFile; fileRef = E01F5D2F2C9A8B6F004A2B1E /* ContentView.swift */; };
		E01F5D322C9A8B70004A2B1E /* Assets.xcassets in Resources */ = {isa = PBXBuildFile; fileRef = E01F5D312C9A8B70004A2B1E /* Assets.xcassets */; };
		E01F5D362C9A8B70004A2B1E /* Preview Assets.xcassets in Resources */ = {isa = PBXBuildFile; fileRef = E01F5D352C9A8B70004A2B1E /* Preview Assets.xcassets */; };
		E01F5D402C9A8B9F004A2B1E /* TradeLeagueModels.swift in Sources */ = {isa = PBXBuildFile; fileRef = E01F5D3F2C9A8B9F004A2B1E /* TradeLeagueModels.swift */; };
		E01F5D422C9A8BAF004A2B1E /* LeagueView.swift in Sources */ = {isa = PBXBuildFile; fileRef = E01F5D412C9A8BAF004A2B1E /* LeagueView.swift */; };
		E01F5D442C9A8BBF004A2B1E /* TradeView.swift in Sources */ = {isa = PBXBuildFile; fileRef = E01F5D432C9A8BBF004A2B1E /* TradeView.swift */; };
		E01F5D462C9A8BCF004A2B1E /* PredictView.swift in Sources */ = {isa = PBXBuildFile; fileRef = E01F5D452C9A8BCF004A2B1E /* PredictView.swift */; };
		E01F5D482C9A8BDF004A2B1E /* ProfileView.swift in Sources */ = {isa = PBXBuildFile; fileRef = E01F5D472C9A8BDF004A2B1E /* ProfileView.swift */; };
		E01F5D4A2C9A8BEF004A2B1E /* AptosService.swift in Sources */ = {isa = PBXBuildFile; fileRef = E01F5D492C9A8BEF004A2B1E /* AptosService.swift */; };
/* End PBXBuildFile section */

/* Begin PBXFileReference section */
		E01F5D2A2C9A8B6F004A2B1E /* TradeLeague.app */ = {isa = PBXFileReference; explicitFileType = wrapper.application; includeInIndex = 0; path = TradeLeague.app; sourceTree = BUILT_PRODUCTS_DIR; };
		E01F5D2D2C9A8B6F004A2B1E /* TradeLeagueApp.swift */ = {isa = PBXFileReference; lastKnownFileType = sourcecode.swift; path = TradeLeagueApp.swift; sourceTree = "<group>"; };
		E01F5D2F2C9A8B6F004A2B1E /* ContentView.swift */ = {isa = PBXFileReference; lastKnownFileType = sourcecode.swift; path = ContentView.swift; sourceTree = "<group>"; };
		E01F5D312C9A8B70004A2B1E /* Assets.xcassets */ = {isa = PBXFileReference; lastKnownFileType = folder.assetcatalog; path = Assets.xcassets; sourceTree = "<group>"; };
		E01F5D332C9A8B70004A2B1E /* TradeLeague.entitlements */ = {isa = PBXFileReference; lastKnownFileType = text.plist.entitlements; path = TradeLeague.entitlements; sourceTree = "<group>"; };
		E01F5D352C9A8B70004A2B1E /* Preview Assets.xcassets */ = {isa = PBXFileReference; lastKnownFileType = folder.assetcatalog; path = "Preview Assets.xcassets"; sourceTree = "<group>"; };
		E01F5D3F2C9A8B9F004A2B1E /* TradeLeagueModels.swift */ = {isa = PBXFileReference; lastKnownFileType = sourcecode.swift; path = TradeLeagueModels.swift; sourceTree = "<group>"; };
		E01F5D412C9A8BAF004A2B1E /* LeagueView.swift */ = {isa = PBXFileReference; lastKnownFileType = sourcecode.swift; path = LeagueView.swift; sourceTree = "<group>"; };
		E01F5D432C9A8BBF004A2B1E /* TradeView.swift */ = {isa = PBXFileReference; lastKnownFileType = sourcecode.swift; path = TradeView.swift; sourceTree = "<group>"; };
		E01F5D452C9A8BCF004A2B1E /* PredictView.swift */ = {isa = PBXFileReference; lastKnownFileType = sourcecode.swift; path = PredictView.swift; sourceTree = "<group>"; };
		E01F5D472C9A8BDF004A2B1E /* ProfileView.swift */ = {isa = PBXFileReference; lastKnownFileType = sourcecode.swift; path = ProfileView.swift; sourceTree = "<group>"; };
		E01F5D492C9A8BEF004A2B1E /* AptosService.swift */ = {isa = PBXFileReference; lastKnownFileType = sourcecode.swift; path = AptosService.swift; sourceTree = "<group>"; };
/* End PBXFileReference section */

/* Begin PBXFrameworksBuildPhase section */
		E01F5D272C9A8B6F004A2B1E /* Frameworks */ = {
			isa = PBXFrameworksBuildPhase;
			buildActionMask = 2147483647;
			files = (
			);
			runOnlyForDeploymentPostprocessing = 0;
		};
/* End PBXFrameworksBuildPhase section */

/* Begin PBXGroup section */
		E01F5D212C9A8B6F004A2B1E = {
			isa = PBXGroup;
			children = (
				E01F5D2C2C9A8B6F004A2B1E /* TradeLeague */,
				E01F5D2B2C9A8B6F004A2B1E /* Products */,
			);
			sourceTree = "<group>";
		};
		E01F5D2B2C9A8B6F004A2B1E /* Products */ = {
			isa = PBXGroup;
			children = (
				E01F5D2A2C9A8B6F004A2B1E /* TradeLeague.app */,
			);
			name = Products;
			sourceTree = "<group>";
		};
		E01F5D2C2C9A8B6F004A2B1E /* TradeLeague */ = {
			isa = PBXGroup;
			children = (
				E01F5D2D2C9A8B6F004A2B1E /* TradeLeagueApp.swift */,
				E01F5D2F2C9A8B6F004A2B1E /* ContentView.swift */,
				E01F5D3C2C9A8B7F004A2B1E /* Core */,
				E01F5D502C9A8C2F004A2B1E /* Models */,
				E01F5D4F2C9A8C1F004A2B1E /* Views */,
				E01F5D4E2C9A8C0F004A2B1E /* Services */,
				E01F5D312C9A8B70004A2B1E /* Assets.xcassets */,
				E01F5D332C9A8B70004A2B1E /* TradeLeague.entitlements */,
				E01F5D342C9A8B70004A2B1E /* Preview Content */,
			);
			path = TradeLeague;
			sourceTree = "<group>";
		};
		E01F5D342C9A8B70004A2B1E /* Preview Content */ = {
			isa = PBXGroup;
			children = (
				E01F5D352C9A8B70004A2B1E /* Preview Assets.xcassets */,
			);
			path = "Preview Content";
			sourceTree = "<group>";
		};
		E01F5D3C2C9A8B7F004A2B1E /* Core */ = {
			isa = PBXGroup;
			children = (
			);
			path = Core;
			sourceTree = "<group>";
		};
		E01F5D4E2C9A8C0F004A2B1E /* Services */ = {
			isa = PBXGroup;
			children = (
				E01F5D492C9A8BEF004A2B1E /* AptosService.swift */,
			);
			path = Services;
			sourceTree = "<group>";
		};
		E01F5D4F2C9A8C1F004A2B1E /* Views */ = {
			isa = PBXGroup;
			children = (
				E01F5D412C9A8BAF004A2B1E /* LeagueView.swift */,
				E01F5D432C9A8BBF004A2B1E /* TradeView.swift */,
				E01F5D452C9A8BCF004A2B1E /* PredictView.swift */,
				E01F5D472C9A8BDF004A2B1E /* ProfileView.swift */,
			);
			path = Views;
			sourceTree = "<group>";
		};
		E01F5D502C9A8C2F004A2B1E /* Models */ = {
			isa = PBXGroup;
			children = (
				E01F5D3F2C9A8B9F004A2B1E /* TradeLeagueModels.swift */,
			);
			path = Models;
			sourceTree = "<group>";
		};
/* End PBXGroup section */

/* Begin PBXNativeTarget section */
		E01F5D292C9A8B6F004A2B1E /* TradeLeague */ = {
			isa = PBXNativeTarget;
			buildConfigurationList = E01F5D392C9A8B70004A2B1E /* Build configuration list for PBXNativeTarget "TradeLeague" */;
			buildPhases = (
				E01F5D262C9A8B6F004A2B1E /* Sources */,
				E01F5D272C9A8B6F004A2B1E /* Frameworks */,
				E01F5D282C9A8B6F004A2B1E /* Resources */,
			);
			buildRules = (
			);
			dependencies = (
			);
			name = TradeLeague;
			packageProductDependencies = (
			);
			productName = TradeLeague;
			productReference = E01F5D2A2C9A8B6F004A2B1E /* TradeLeague.app */;
			productType = "com.apple.product-type.application";
		};
/* End PBXNativeTarget section */

/* Begin PBXProject section */
		E01F5D222C9A8B6F004A2B1E /* Project object */ = {
			isa = PBXProject;
			attributes = {
				BuildIndependentTargetsInParallel = 1;
				LastSwiftUpdateCheck = 1600;
				LastUpgradeCheck = 2600;
				TargetAttributes = {
					E01F5D292C9A8B6F004A2B1E = {
						CreatedOnToolsVersion = 16.0;
					};
				};
			};
			buildConfigurationList = E01F5D252C9A8B6F004A2B1E /* Build configuration list for PBXProject "TradeLeague" */;
			developmentRegion = en;
			hasScannedForEncodings = 0;
			knownRegions = (
				en,
				Base,
			);
			mainGroup = E01F5D212C9A8B6F004A2B1E;
			minimizedProjectReferenceProxies = 1;
			preferredProjectObjectVersion = 77;
			productRefGroup = E01F5D2B2C9A8B6F004A2B1E /* Products */;
			projectDirPath = "";
			projectRoot = "";
			targets = (
				E01F5D292C9A8B6F004A2B1E /* TradeLeague */,
			);
		};
/* End PBXProject section */

/* Begin PBXResourcesBuildPhase section */
		E01F5D282C9A8B6F004A2B1E /* Resources */ = {
			isa = PBXResourcesBuildPhase;
			buildActionMask = 2147483647;
			files = (
				E01F5D362C9A8B70004A2B1E /* Preview Assets.xcassets in Resources */,
				E01F5D322C9A8B70004A2B1E /* Assets.xcassets in Resources */,
			);
			runOnlyForDeploymentPostprocessing = 0;
		};
/* End PBXResourcesBuildPhase section */

/* Begin PBXSourcesBuildPhase section */
		E01F5D262C9A8B6F004A2B1E /* Sources */ = {
			isa = PBXSourcesBuildPhase;
			buildActionMask = 2147483647;
			files = (
				E01F5D4A2C9A8BEF004A2B1E /* AptosService.swift in Sources */,
				E01F5D482C9A8BDF004A2B1E /* ProfileView.swift in Sources */,
				E01F5D462C9A8BCF004A2B1E /* PredictView.swift in Sources */,
				E01F5D442C9A8BBF004A2B1E /* TradeView.swift in Sources */,
				E01F5D422C9A8BAF004A2B1E /* LeagueView.swift in Sources */,
				E01F5D402C9A8B9F004A2B1E /* TradeLeagueModels.swift in Sources */,
				E01F5D302C9A8B6F004A2B1E /* ContentView.swift in Sources */,
				E01F5D2E2C9A8B6F004A2B1E /* TradeLeagueApp.swift in Sources */,
			);
			runOnlyForDeploymentPostprocessing = 0;
		};
/* End PBXSourcesBuildPhase section */

/* Begin XCBuildConfiguration section */
		E01F5D372C9A8B70004A2B1E /* Debug */ = {
			isa = XCBuildConfiguration;
			buildSettings = {
				ALWAYS_SEARCH_USER_PATHS = NO;
				ASSETCATALOG_COMPILER_GENERATE_SWIFT_ASSET_SYMBOL_EXTENSIONS = YES;
				CLANG_ANALYZER_NONNULL = YES;
				CLANG_ANALYZER_NUMBER_OBJECT_CONVERSION = YES_AGGRESSIVE;
				CLANG_CXX_LANGUAGE_STANDARD = "gnu++20";
				CLANG_ENABLE_MODULES = YES;
				CLANG_ENABLE_OBJC_ARC = YES;
				CLANG_ENABLE_OBJC_WEAK = YES;
				CLANG_WARN_BLOCK_CAPTURE_AUTORELEASING = YES;
				CLANG_WARN_BOOL_CONVERSION = YES;
				CLANG_WARN_COMMA = YES;
				CLANG_WARN_CONSTANT_CONVERSION = YES;
				CLANG_WARN_DEPRECATED_OBJC_IMPLEMENTATIONS = YES;
				CLANG_WARN_DIRECT_OBJC_ISA_USAGE = YES_ERROR;
				CLANG_WARN_DOCUMENTATION_COMMENTS = YES;
				CLANG_WARN_EMPTY_BODY = YES;
				CLANG_WARN_ENUM_CONVERSION = YES;
				CLANG_WARN_INFINITE_RECURSION = YES;
				CLANG_WARN_INT_CONVERSION = YES;
				CLANG_WARN_NON_LITERAL_NULL_CONVERSION = YES;
				CLANG_WARN_OBJC_IMPLICIT_RETAIN_SELF = YES;
				CLANG_WARN_OBJC_LITERAL_CONVERSION = YES;
				CLANG_WARN_OBJC_ROOT_CLASS = YES_ERROR;
				CLANG_WARN_QUOTED_INCLUDE_IN_FRAMEWORK_HEADER = YES;
				CLANG_WARN_RANGE_LOOP_ANALYSIS = YES;
				CLANG_WARN_STRICT_PROTOTYPES = YES;
				CLANG_WARN_SUSPICIOUS_MOVE = YES;
				CLANG_WARN_UNGUARDED_AVAILABILITY = YES_AGGRESSIVE;
				CLANG_WARN_UNREACHABLE_CODE = YES;
				CLANG_WARN__DUPLICATE_METHOD_MATCH = YES;
				COPY_PHASE_STRIP = NO;
				DEAD_CODE_STRIPPING = YES;
				DEBUG_INFORMATION_FORMAT = dwarf;
				ENABLE_STRICT_OBJC_MSGSEND = YES;
				ENABLE_TESTABILITY = YES;
				ENABLE_USER_SCRIPT_SANDBOXING = YES;
				GCC_C_LANGUAGE_STANDARD = gnu17;
				GCC_DYNAMIC_NO_PIC = NO;
				GCC_NO_COMMON_BLOCKS = YES;
				GCC_OPTIMIZATION_LEVEL = 0;
				GCC_PREPROCESSOR_DEFINITIONS = (
					"DEBUG=1",
					"$(inherited)",
				);
				GCC_WARN_64_TO_32_BIT_CONVERSION = YES;
				GCC_WARN_ABOUT_RETURN_TYPE = YES_ERROR;
				GCC_WARN_UNDECLARED_SELECTOR = YES;
				GCC_WARN_UNINITIALIZED_AUTOS = YES_AGGRESSIVE;
				GCC_WARN_UNUSED_FUNCTION = YES;
				GCC_WARN_UNUSED_VARIABLE = YES;
				IPHONEOS_DEPLOYMENT_TARGET = 18.0;
				LOCALIZATION_PREFERS_STRING_CATALOGS = YES;
				MTL_ENABLE_DEBUG_INFO = INCLUDE_SOURCE;
				MTL_FAST_MATH = YES;
				ONLY_ACTIVE_ARCH = YES;
				STRING_CATALOG_GENERATE_SYMBOLS = YES;
				SWIFT_ACTIVE_COMPILATION_CONDITIONS = "DEBUG $(inherited)";
				SWIFT_OPTIMIZATION_LEVEL = "-Onone";
			};
			name = Debug;
		};
		E01F5D382C9A8B70004A2B1E /* Release */ = {
			isa = XCBuildConfiguration;
			buildSettings = {
				ALWAYS_SEARCH_USER_PATHS = NO;
				ASSETCATALOG_COMPILER_GENERATE_SWIFT_ASSET_SYMBOL_EXTENSIONS = YES;
				CLANG_ANALYZER_NONNULL = YES;
				CLANG_ANALYZER_NUMBER_OBJECT_CONVERSION = YES_AGGRESSIVE;
				CLANG_CXX_LANGUAGE_STANDARD = "gnu++20";
				CLANG_ENABLE_MODULES = YES;
				CLANG_ENABLE_OBJC_ARC = YES;
				CLANG_ENABLE_OBJC_WEAK = YES;
				CLANG_WARN_BLOCK_CAPTURE_AUTORELEASING = YES;
				CLANG_WARN_BOOL_CONVERSION = YES;
				CLANG_WARN_COMMA = YES;
				CLANG_WARN_CONSTANT_CONVERSION = YES;
				CLANG_WARN_DEPRECATED_OBJC_IMPLEMENTATIONS = YES;
				CLANG_WARN_DIRECT_OBJC_ISA_USAGE = YES_ERROR;
				CLANG_WARN_DOCUMENTATION_COMMENTS = YES;
				CLANG_WARN_EMPTY_BODY = YES;
				CLANG_WARN_ENUM_CONVERSION = YES;
				CLANG_WARN_INFINITE_RECURSION = YES;
				CLANG_WARN_INT_CONVERSION = YES;
				CLANG_WARN_NON_LITERAL_NULL_CONVERSION = YES;
				CLANG_WARN_OBJC_IMPLICIT_RETAIN_SELF = YES;
				CLANG_WARN_OBJC_LITERAL_CONVERSION = YES;
				CLANG_WARN_OBJC_ROOT_CLASS = YES_ERROR;
				CLANG_WARN_QUOTED_INCLUDE_IN_FRAMEWORK_HEADER = YES;
				CLANG_WARN_RANGE_LOOP_ANALYSIS = YES;
				CLANG_WARN_STRICT_PROTOTYPES = YES;
				CLANG_WARN_SUSPICIOUS_MOVE = YES;
				CLANG_WARN_UNGUARDED_AVAILABILITY = YES_AGGRESSIVE;
				CLANG_WARN_UNREACHABLE_CODE = YES;
				CLANG_WARN__DUPLICATE_METHOD_MATCH = YES;
				COPY_PHASE_STRIP = NO;
				DEAD_CODE_STRIPPING = YES;
				DEBUG_INFORMATION_FORMAT = "dwarf-with-dsym";
				ENABLE_NS_ASSERTIONS = NO;
				ENABLE_STRICT_OBJC_MSGSEND = YES;
				ENABLE_USER_SCRIPT_SANDBOXING = YES;
				GCC_C_LANGUAGE_STANDARD = gnu17;
				GCC_NO_COMMON_BLOCKS = YES;
				GCC_WARN_64_TO_32_BIT_CONVERSION = YES;
				GCC_WARN_ABOUT_RETURN_TYPE = YES_ERROR;
				GCC_WARN_UNDECLARED_SELECTOR = YES;
				GCC_WARN_UNINITIALIZED_AUTOS = YES_AGGRESSIVE;
				GCC_WARN_UNUSED_FUNCTION = YES;
				GCC_WARN_UNUSED_VARIABLE = YES;
				IPHONEOS_DEPLOYMENT_TARGET = 18.0;
				LOCALIZATION_PREFERS_STRING_CATALOGS = YES;
				MTL_ENABLE_DEBUG_INFO = NO;
				MTL_FAST_MATH = YES;
				STRING_CATALOG_GENERATE_SYMBOLS = YES;
				SWIFT_COMPILATION_MODE = wholemodule;
			};
			name = Release;
		};
		E01F5D3A2C9A8B70004A2B1E /* Debug */ = {
			isa = XCBuildConfiguration;
			buildSettings = {
				ASSETCATALOG_COMPILER_APPICON_NAME = AppIcon;
				ASSETCATALOG_COMPILER_GLOBAL_ACCENT_COLOR_NAME = AccentColor;
				CODE_SIGN_ENTITLEMENTS = TradeLeague/TradeLeague.entitlements;
				CODE_SIGN_STYLE = Automatic;
				CURRENT_PROJECT_VERSION = 1;
				DEAD_CODE_STRIPPING = YES;
				DEVELOPMENT_ASSET_PATHS = "\"TradeLeague/Preview Content\"";
				DEVELOPMENT_TEAM = "";
				ENABLE_APP_SANDBOX = YES;
				ENABLE_HARDENED_RUNTIME = YES;
				ENABLE_OUTGOING_NETWORK_CONNECTIONS = YES;
				ENABLE_PREVIEWS = YES;
				ENABLE_USER_SELECTED_FILES = readonly;
				GENERATE_INFOPLIST_FILE = YES;
				INFOPLIST_KEY_CFBundleDisplayName = TradeLeague;
				INFOPLIST_KEY_LSApplicationCategoryType = "public.app-category.finance";
				"INFOPLIST_KEY_UIApplicationSceneManifest_Generation[sdk=iphoneos*]" = YES;
				"INFOPLIST_KEY_UIApplicationSceneManifest_Generation[sdk=iphonesimulator*]" = YES;
				"INFOPLIST_KEY_UIApplicationSupportsIndirectInputEvents[sdk=iphoneos*]" = YES;
				"INFOPLIST_KEY_UIApplicationSupportsIndirectInputEvents[sdk=iphonesimulator*]" = YES;
				"INFOPLIST_KEY_UILaunchScreen_Generation[sdk=iphoneos*]" = YES;
				"INFOPLIST_KEY_UILaunchScreen_Generation[sdk=iphonesimulator*]" = YES;
				"INFOPLIST_KEY_UIStatusBarStyle[sdk=iphoneos*]" = UIStatusBarStyleDefault;
				"INFOPLIST_KEY_UIStatusBarStyle[sdk=iphonesimulator*]" = UIStatusBarStyleDefault;
				INFOPLIST_KEY_UISupportedInterfaceOrientations_iPad = "UIInterfaceOrientationPortrait UIInterfaceOrientationPortraitUpsideDown UIInterfaceOrientationLandscapeLeft UIInterfaceOrientationLandscapeRight";
				INFOPLIST_KEY_UISupportedInterfaceOrientations_iPhone = "UIInterfaceOrientationPortrait UIInterfaceOrientationLandscapeLeft UIInterfaceOrientationLandscapeRight";
				IPHONEOS_DEPLOYMENT_TARGET = 17.0;
				LD_RUNPATH_SEARCH_PATHS = "@executable_path/Frameworks";
				"LD_RUNPATH_SEARCH_PATHS[sdk=macosx*]" = "@executable_path/../Frameworks";
				MACOSX_DEPLOYMENT_TARGET = 15.0;
				MARKETING_VERSION = 1.0;
				PRODUCT_BUNDLE_IDENTIFIER = com.tradeleague.app;
				PRODUCT_NAME = "$(TARGET_NAME)";
				SDKROOT = auto;
				SUPPORTED_PLATFORMS = "iphoneos iphonesimulator macosx xros xrsimulator";
				SWIFT_EMIT_LOC_STRINGS = YES;
				SWIFT_VERSION = 5.0;
				TARGETED_DEVICE_FAMILY = "1,2,7";
				XROS_DEPLOYMENT_TARGET = 2.0;
			};
			name = Debug;
		};
		E01F5D3B2C9A8B70004A2B1E /* Release */ = {
			isa = XCBuildConfiguration;
			buildSettings = {
				ASSETCATALOG_COMPILER_APPICON_NAME = AppIcon;
				ASSETCATALOG_COMPILER_GLOBAL_ACCENT_COLOR_NAME = AccentColor;
				CODE_SIGN_ENTITLEMENTS = TradeLeague/TradeLeague.entitlements;
				CODE_SIGN_STYLE = Automatic;
				CURRENT_PROJECT_VERSION = 1;
				DEAD_CODE_STRIPPING = YES;
				DEVELOPMENT_ASSET_PATHS = "\"TradeLeague/Preview Content\"";
				DEVELOPMENT_TEAM = "";
				ENABLE_APP_SANDBOX = YES;
				ENABLE_HARDENED_RUNTIME = YES;
				ENABLE_OUTGOING_NETWORK_CONNECTIONS = YES;
				ENABLE_PREVIEWS = YES;
				ENABLE_USER_SELECTED_FILES = readonly;
				GENERATE_INFOPLIST_FILE = YES;
				INFOPLIST_KEY_CFBundleDisplayName = TradeLeague;
				INFOPLIST_KEY_LSApplicationCategoryType = "public.app-category.finance";
				"INFOPLIST_KEY_UIApplicationSceneManifest_Generation[sdk=iphoneos*]" = YES;
				"INFOPLIST_KEY_UIApplicationSceneManifest_Generation[sdk=iphonesimulator*]" = YES;
				"INFOPLIST_KEY_UIApplicationSupportsIndirectInputEvents[sdk=iphoneos*]" = YES;
				"INFOPLIST_KEY_UIApplicationSupportsIndirectInputEvents[sdk=iphonesimulator*]" = YES;
				"INFOPLIST_KEY_UILaunchScreen_Generation[sdk=iphoneos*]" = YES;
				"INFOPLIST_KEY_UILaunchScreen_Generation[sdk=iphonesimulator*]" = YES;
				"INFOPLIST_KEY_UIStatusBarStyle[sdk=iphoneos*]" = UIStatusBarStyleDefault;
				"INFOPLIST_KEY_UIStatusBarStyle[sdk=iphonesimulator*]" = UIStatusBarStyleDefault;
				INFOPLIST_KEY_UISupportedInterfaceOrientations_iPad = "UIInterfaceOrientationPortrait UIInterfaceOrientationPortraitUpsideDown UIInterfaceOrientationLandscapeLeft UIInterfaceOrientationLandscapeRight";
				INFOPLIST_KEY_UISupportedInterfaceOrientations_iPhone = "UIInterfaceOrientationPortrait UIInterfaceOrientationLandscapeLeft UIInterfaceOrientationLandscapeRight";
				IPHONEOS_DEPLOYMENT_TARGET = 17.0;
				LD_RUNPATH_SEARCH_PATHS = "@executable_path/Frameworks";
				"LD_RUNPATH_SEARCH_PATHS[sdk=macosx*]" = "@executable_path/../Frameworks";
				MACOSX_DEPLOYMENT_TARGET = 15.0;
				MARKETING_VERSION = 1.0;
				PRODUCT_BUNDLE_IDENTIFIER = com.tradeleague.app;
				PRODUCT_NAME = "$(TARGET_NAME)";
				SDKROOT = auto;
				SUPPORTED_PLATFORMS = "iphoneos iphonesimulator macosx xros xrsimulator";
				SWIFT_EMIT_LOC_STRINGS = YES;
				SWIFT_VERSION = 5.0;
				TARGETED_DEVICE_FAMILY = "1,2,7";
				XROS_DEPLOYMENT_TARGET = 2.0;
			};
			name = Release;
		};
/* End XCBuildConfiguration section */

/* Begin XCConfigurationList section */
		E01F5D252C9A8B6F004A2B1E /* Build configuration list for PBXProject "TradeLeague" */ = {
			isa = XCConfigurationList;
			buildConfigurations = (
				E01F5D372C9A8B70004A2B1E /* Debug */,
				E01F5D382C9A8B70004A2B1E /* Release */,
			);
			defaultConfigurationIsVisible = 0;
			defaultConfigurationName = Release;
		};
		E01F5D392C9A8B70004A2B1E /* Build configuration list for PBXNativeTarget "TradeLeague" */ = {
			isa = XCConfigurationList;
			buildConfigurations = (
				E01F5D3A2C9A8B70004A2B1E /* Debug */,
				E01F5D3B2C9A8B70004A2B1E /* Release */,
			);
			defaultConfigurationIsVisible = 0;
			defaultConfigurationName = Release;
		};
/* End XCConfigurationList section */
	};
	rootObject = E01F5D222C9A8B6F004A2B1E /* Project object */;
}
